
Microsoft Visual Studio Solution File, Format Version 12.00
# Visual Studio Version 17
VisualStudioVersion = 17.1.32421.90
MinimumVisualStudioVersion = 10.0.40219.1
Project("{FAE04EC0-301F-11D3-BF4B-00C04F79EFBC}") = "RoomSelector", "RoomSelector\RoomSelector.csproj", "{D20B128B-0154-4A2D-B25E-75A025C5C2AD}"
EndProject
Global
	GlobalSection(SolutionConfigurationPlatforms) = preSolution
		Debug|Any CPU = Debug|Any CPU
		Release|Any CPU = Release|Any CPU
	EndGlobalSection
	GlobalSection(ProjectConfigurationPlatforms) = postSolution
		{D20B128B-0154-4A2D-B25E-75A025C5C2AD}.Debug|Any CPU.ActiveCfg = Debug|Any CPU
		{D20B128B-0154-4A2D-B25E-75A025C5C2AD}.Debug|Any CPU.Build.0 = Debug|Any CPU
		{D20B128B-0154-4A2D-B25E-75A025C5C2AD}.Release|Any CPU.ActiveCfg = Release|Any CPU
		{D20B128B-0154-4A2D-B25E-75A025C5C2AD}.Release|Any CPU.Build.0 = Release|Any CPU
	EndGlobalSection
	GlobalSection(SolutionProperties) = preSolution
		HideSolutionNode = FALSE
	EndGlobalSection
	GlobalSection(ExtensibilityGlobals) = postSolution
		SolutionGuid = {8700E013-1DBA-4114-A4EA-A1C4AAC02F67}
	EndGlobalSection
EndGlobal
